
Microsoft Visual Studio Solution File, Format Version 12.00
# Visual Studio 15
Project("{FAE04EC0-301F-11D3-BF4B-00C04F79EFBC}") = "Assembly-CSharp", "Assembly-CSharp.csproj", "{061977CA-7EF2-9D02-18FB-47AB5E697D6B}"
EndProject
Global
	GlobalSection(SolutionConfigurationPlatforms) = preSolution
		Debug|Any CPU = Debug|Any CPU
		Release|Any CPU = Release|Any CPU
	EndGlobalSection
	GlobalSection(ProjectConfigurationPlatforms) = postSolution
		{061977CA-7EF2-9D02-18FB-47AB5E697D6B}.Debug|Any CPU.ActiveCfg = Debug|Any CPU
		{061977CA-7EF2-9D02-18FB-47AB5E697D6B}.Debug|Any CPU.Build.0 = Debug|Any CPU
		{061977CA-7EF2-9D02-18FB-47AB5E697D6B}.Release|Any CPU.ActiveCfg = Release|Any CPU
		{061977CA-7EF2-9D02-18FB-47AB5E697D6B}.Release|Any CPU.Build.0 = Release|Any CPU
	EndGlobalSection
	GlobalSection(SolutionProperties) = preSolution
		HideSolutionNode = FALSE
	EndGlobalSection
EndGlobal
